// !$*UTF8*$!
{
	archiveVersion = 1;
	classes = {
	};
	objectVersion = 56;
	objects = {

/* Begin PBXBuildFile section */
		A9544B122A4E4A8F0022067A /* AppDelegate.swift in Sources */ = {isa = PBXBuildFile; fileRef = A9544B112A4E4A8F0022067A /* AppDelegate.swift */; };
		A9544B142A4E4A8F0022067A /* SceneDelegate.swift in Sources */ = {isa = PBXBuildFile; fileRef = A9544B132A4E4A8F0022067A /* SceneDelegate.swift */; };
		A9544B162A4E4A8F0022067A /* MainTabBarViewController.swift in Sources */ = {isa = PBXBuildFile; fileRef = A9544B152A4E4A8F0022067A /* MainTabBarViewController.swift */; };
		A9544B1B2A4E4A900022067A /* Assets.xcassets in Resources */ = {isa = PBXBuildFile; fileRef = A9544B1A2A4E4A900022067A /* Assets.xcassets */; };
		A9544B1E2A4E4A900022067A /* LaunchScreen.storyboard in Resources */ = {isa = PBXBuildFile; fileRef = A9544B1C2A4E4A900022067A /* LaunchScreen.storyboard */; };
		A9544FD22A51025E006A23D3 /* HeroHeaderUIView.swift in Sources */ = {isa = PBXBuildFile; fileRef = A9544FD12A51025E006A23D3 /* HeroHeaderUIView.swift */; };
		A95555252A535E8C0074A8A7 /* APICaller.swift in Sources */ = {isa = PBXBuildFile; fileRef = A95555242A535E8C0074A8A7 /* APICaller.swift */; };
		A95555272A5363840074A8A7 /* Movie.swift in Sources */ = {isa = PBXBuildFile; fileRef = A95555262A5363840074A8A7 /* Movie.swift */; };
		A99E5FCF2A54D0BC00541325 /* Extensions.swift in Sources */ = {isa = PBXBuildFile; fileRef = A99E5FCE2A54D0BC00541325 /* Extensions.swift */; };
		A9F780992A4F5DA6001630AD /* HomeViewController.swift in Sources */ = {isa = PBXBuildFile; fileRef = A9F780982A4F5DA6001630AD /* HomeViewController.swift */; };
		A9F7809B2A4F5DE4001630AD /* UpcomingViewController.swift in Sources */ = {isa = PBXBuildFile; fileRef = A9F7809A2A4F5DE4001630AD /* UpcomingViewController.swift */; };
		A9F7809D2A4F5E1B001630AD /* SearchViewController.swift in Sources */ = {isa = PBXBuildFile; fileRef = A9F7809C2A4F5E1B001630AD /* SearchViewController.swift */; };
		A9F7809F2A4F5E4C001630AD /* DownloadsViewController.swift in Sources */ = {isa = PBXBuildFile; fileRef = A9F7809E2A4F5E4C001630AD /* DownloadsViewController.swift */; };
		A9F780A72A4F6758001630AD /* CollectionViewTableViewCell.swift in Sources */ = {isa = PBXBuildFile; fileRef = A9F780A62A4F6758001630AD /* CollectionViewTableViewCell.swift */; };
/* End PBXBuildFile section */

/* Begin PBXFileReference section */
		A9544B0E2A4E4A8F0022067A /* NetflixClone.app */ = {isa = PBXFileReference; explicitFileType = wrapper.application; includeInIndex = 0; path = NetflixClone.app; sourceTree = BUILT_PRODUCTS_DIR; };
		A9544B112A4E4A8F0022067A /* AppDelegate.swift */ = {isa = PBXFileReference; lastKnownFileType = sourcecode.swift; path = AppDelegate.swift; sourceTree = "<group>"; };
		A9544B132A4E4A8F0022067A /* SceneDelegate.swift */ = {isa = PBXFileReference; lastKnownFileType = sourcecode.swift; path = SceneDelegate.swift; sourceTree = "<group>"; };
		A9544B152A4E4A8F0022067A /* MainTabBarViewController.swift */ = {isa = PBXFileReference; lastKnownFileType = sourcecode.swift; path = MainTabBarViewController.swift; sourceTree = "<group>"; };
		A9544B1A2A4E4A900022067A /* Assets.xcassets */ = {isa = PBXFileReference; lastKnownFileType = folder.assetcatalog; path = Assets.xcassets; sourceTree = "<group>"; };
		A9544B1D2A4E4A900022067A /* Base */ = {isa = PBXFileReference; lastKnownFileType = file.storyboard; name = Base; path = Base.lproj/LaunchScreen.storyboard; sourceTree = "<group>"; };
		A9544B1F2A4E4A900022067A /* Info.plist */ = {isa = PBXFileReference; lastKnownFileType = text.plist.xml; path = Info.plist; sourceTree = "<group>"; };
		A9544FD12A51025E006A23D3 /* HeroHeaderUIView.swift */ = {isa = PBXFileReference; lastKnownFileType = sourcecode.swift; path = HeroHeaderUIView.swift; sourceTree = "<group>"; };
		A95555242A535E8C0074A8A7 /* APICaller.swift */ = {isa = PBXFileReference; lastKnownFileType = sourcecode.swift; path = APICaller.swift; sourceTree = "<group>"; };
		A95555262A5363840074A8A7 /* Movie.swift */ = {isa = PBXFileReference; lastKnownFileType = sourcecode.swift; path = Movie.swift; sourceTree = "<group>"; };
		A99E5FCE2A54D0BC00541325 /* Extensions.swift */ = {isa = PBXFileReference; lastKnownFileType = sourcecode.swift; path = Extensions.swift; sourceTree = "<group>"; };
		A9F780982A4F5DA6001630AD /* HomeViewController.swift */ = {isa = PBXFileReference; lastKnownFileType = sourcecode.swift; path = HomeViewController.swift; sourceTree = "<group>"; };
		A9F7809A2A4F5DE4001630AD /* UpcomingViewController.swift */ = {isa = PBXFileReference; lastKnownFileType = sourcecode.swift; path = UpcomingViewController.swift; sourceTree = "<group>"; };
		A9F7809C2A4F5E1B001630AD /* SearchViewController.swift */ = {isa = PBXFileReference; lastKnownFileType = sourcecode.swift; path = SearchViewController.swift; sourceTree = "<group>"; };
		A9F7809E2A4F5E4C001630AD /* DownloadsViewController.swift */ = {isa = PBXFileReference; lastKnownFileType = sourcecode.swift; path = DownloadsViewController.swift; sourceTree = "<group>"; };
		A9F780A62A4F6758001630AD /* CollectionViewTableViewCell.swift */ = {isa = PBXFileReference; lastKnownFileType = sourcecode.swift; path = CollectionViewTableViewCell.swift; sourceTree = "<group>"; };
/* End PBXFileReference section */

/* Begin PBXFrameworksBuildPhase section */
		A9544B0B2A4E4A8F0022067A /* Frameworks */ = {
			isa = PBXFrameworksBuildPhase;
			buildActionMask = 2147483647;
			files = (
			);
			runOnlyForDeploymentPostprocessing = 0;
		};
/* End PBXFrameworksBuildPhase section */

/* Begin PBXGroup section */
		A9544B052A4E4A8F0022067A = {
			isa = PBXGroup;
			children = (
				A9544B102A4E4A8F0022067A /* NetflixClone */,
				A9544B0F2A4E4A8F0022067A /* Products */,
			);
			sourceTree = "<group>";
		};
		A9544B0F2A4E4A8F0022067A /* Products */ = {
			isa = PBXGroup;
			children = (
				A9544B0E2A4E4A8F0022067A /* NetflixClone.app */,
			);
			name = Products;
			sourceTree = "<group>";
		};
		A9544B102A4E4A8F0022067A /* NetflixClone */ = {
			isa = PBXGroup;
			children = (
				A9544B112A4E4A8F0022067A /* AppDelegate.swift */,
				A9544B132A4E4A8F0022067A /* SceneDelegate.swift */,
				A9544B152A4E4A8F0022067A /* MainTabBarViewController.swift */,
				A9F780A42A4F66E5001630AD /* Managers */,
				A9F780A32A4F66DD001630AD /* Resources */,
				A9F780A22A4F66BD001630AD /* Model */,
				A9F780A12A4F66B9001630AD /* View */,
				A9F780A02A4F66B4001630AD /* ViewModel */,
				A9F780972A4F5D82001630AD /* Controllers */,
				A9544B1A2A4E4A900022067A /* Assets.xcassets */,
				A9544B1C2A4E4A900022067A /* LaunchScreen.storyboard */,
				A9544B1F2A4E4A900022067A /* Info.plist */,
			);
			path = NetflixClone;
			sourceTree = "<group>";
		};
		A9F780972A4F5D82001630AD /* Controllers */ = {
			isa = PBXGroup;
			children = (
				A9F780982A4F5DA6001630AD /* HomeViewController.swift */,
				A9F7809A2A4F5DE4001630AD /* UpcomingViewController.swift */,
				A9F7809C2A4F5E1B001630AD /* SearchViewController.swift */,
				A9F7809E2A4F5E4C001630AD /* DownloadsViewController.swift */,
			);
			path = Controllers;
			sourceTree = "<group>";
		};
		A9F780A02A4F66B4001630AD /* ViewModel */ = {
			isa = PBXGroup;
			children = (
			);
			path = ViewModel;
			sourceTree = "<group>";
		};
		A9F780A12A4F66B9001630AD /* View */ = {
			isa = PBXGroup;
			children = (
				A9F780A62A4F6758001630AD /* CollectionViewTableViewCell.swift */,
				A9544FD12A51025E006A23D3 /* HeroHeaderUIView.swift */,
			);
			path = View;
			sourceTree = "<group>";
		};
		A9F780A22A4F66BD001630AD /* Model */ = {
			isa = PBXGroup;
			children = (
				A95555262A5363840074A8A7 /* Movie.swift */,
			);
			path = Model;
			sourceTree = "<group>";
		};
		A9F780A32A4F66DD001630AD /* Resources */ = {
			isa = PBXGroup;
			children = (
				A99E5FCE2A54D0BC00541325 /* Extensions.swift */,
			);
			path = Resources;
			sourceTree = "<group>";
		};
		A9F780A42A4F66E5001630AD /* Managers */ = {
			isa = PBXGroup;
			children = (
				A95555242A535E8C0074A8A7 /* APICaller.swift */,
			);
			path = Managers;
			sourceTree = "<group>";
		};
/* End PBXGroup section */

/* Begin PBXNativeTarget section */
		A9544B0D2A4E4A8F0022067A /* NetflixClone */ = {
			isa = PBXNativeTarget;
			buildConfigurationList = A9544B222A4E4A900022067A /* Build configuration list for PBXNativeTarget "NetflixClone" */;
			buildPhases = (
				A9544B0A2A4E4A8F0022067A /* Sources */,
				A9544B0B2A4E4A8F0022067A /* Frameworks */,
				A9544B0C2A4E4A8F0022067A /* Resources */,
			);
			buildRules = (
			);
			dependencies = (
			);
			name = NetflixClone;
			productName = NetflixClone;
			productReference = A9544B0E2A4E4A8F0022067A /* NetflixClone.app */;
			productType = "com.apple.product-type.application";
		};
/* End PBXNativeTarget section */

/* Begin PBXProject section */
		A9544B062A4E4A8F0022067A /* Project object */ = {
			isa = PBXProject;
			attributes = {
				BuildIndependentTargetsInParallel = 1;
				LastSwiftUpdateCheck = 1430;
				LastUpgradeCheck = 1430;
				TargetAttributes = {
					A9544B0D2A4E4A8F0022067A = {
						CreatedOnToolsVersion = 14.3.1;
					};
				};
			};
			buildConfigurationList = A9544B092A4E4A8F0022067A /* Build configuration list for PBXProject "NetflixClone" */;
			compatibilityVersion = "Xcode 14.0";
			developmentRegion = en;
			hasScannedForEncodings = 0;
			knownRegions = (
				en,
				Base,
			);
			mainGroup = A9544B052A4E4A8F0022067A;
			productRefGroup = A9544B0F2A4E4A8F0022067A /* Products */;
			projectDirPath = "";
			projectRoot = "";
			targets = (
				A9544B0D2A4E4A8F0022067A /* NetflixClone */,
			);
		};
/* End PBXProject section */

/* Begin PBXResourcesBuildPhase section */
		A9544B0C2A4E4A8F0022067A /* Resources */ = {
			isa = PBXResourcesBuildPhase;
			buildActionMask = 2147483647;
			files = (
				A9544B1E2A4E4A900022067A /* LaunchScreen.storyboard in Resources */,
				A9544B1B2A4E4A900022067A /* Assets.xcassets in Resources */,
			);
			runOnlyForDeploymentPostprocessing = 0;
		};
/* End PBXResourcesBuildPhase section */

/* Begin PBXSourcesBuildPhase section */
		A9544B0A2A4E4A8F0022067A /* Sources */ = {
			isa = PBXSourcesBuildPhase;
			buildActionMask = 2147483647;
			files = (
				A95555272A5363840074A8A7 /* Movie.swift in Sources */,
				A9F7809D2A4F5E1B001630AD /* SearchViewController.swift in Sources */,
				A9544B162A4E4A8F0022067A /* MainTabBarViewController.swift in Sources */,
				A9F780A72A4F6758001630AD /* CollectionViewTableViewCell.swift in Sources */,
				A95555252A535E8C0074A8A7 /* APICaller.swift in Sources */,
				A9544FD22A51025E006A23D3 /* HeroHeaderUIView.swift in Sources */,
				A9F7809F2A4F5E4C001630AD /* DownloadsViewController.swift in Sources */,
				A99E5FCF2A54D0BC00541325 /* Extensions.swift in Sources */,
				A9544B122A4E4A8F0022067A /* AppDelegate.swift in Sources */,
				A9544B142A4E4A8F0022067A /* SceneDelegate.swift in Sources */,
				A9F7809B2A4F5DE4001630AD /* UpcomingViewController.swift in Sources */,
				A9F780992A4F5DA6001630AD /* HomeViewController.swift in Sources */,
			);
			runOnlyForDeploymentPostprocessing = 0;
		};
/* End PBXSourcesBuildPhase section */

/* Begin PBXVariantGroup section */
		A9544B1C2A4E4A900022067A /* LaunchScreen.storyboard */ = {
			isa = PBXVariantGroup;
			children = (
				A9544B1D2A4E4A900022067A /* Base */,
			);
			name = LaunchScreen.storyboard;
			sourceTree = "<group>";
		};
/* End PBXVariantGroup section */

/* Begin XCBuildConfiguration section */
		A9544B202A4E4A900022067A /* Debug */ = {
			isa = XCBuildConfiguration;
			buildSettings = {
				ALWAYS_SEARCH_USER_PATHS = NO;
				CLANG_ANALYZER_NONNULL = YES;
				CLANG_ANALYZER_NUMBER_OBJECT_CONVERSION = YES_AGGRESSIVE;
				CLANG_CXX_LANGUAGE_STANDARD = "gnu++20";
				CLANG_ENABLE_MODULES = YES;
				CLANG_ENABLE_OBJC_ARC = YES;
				CLANG_ENABLE_OBJC_WEAK = YES;
				CLANG_WARN_BLOCK_CAPTURE_AUTORELEASING = YES;
				CLANG_WARN_BOOL_CONVERSION = YES;
				CLANG_WARN_COMMA = YES;
				CLANG_WARN_CONSTANT_CONVERSION = YES;
				CLANG_WARN_DEPRECATED_OBJC_IMPLEMENTATIONS = YES;
				CLANG_WARN_DIRECT_OBJC_ISA_USAGE = YES_ERROR;
				CLANG_WARN_DOCUMENTATION_COMMENTS = YES;
				CLANG_WARN_EMPTY_BODY = YES;
				CLANG_WARN_ENUM_CONVERSION = YES;
				CLANG_WARN_INFINITE_RECURSION = YES;
				CLANG_WARN_INT_CONVERSION = YES;
				CLANG_WARN_NON_LITERAL_NULL_CONVERSION = YES;
				CLANG_WARN_OBJC_IMPLICIT_RETAIN_SELF = YES;
				CLANG_WARN_OBJC_LITERAL_CONVERSION = YES;
				CLANG_WARN_OBJC_ROOT_CLASS = YES_ERROR;
				CLANG_WARN_QUOTED_INCLUDE_IN_FRAMEWORK_HEADER = YES;
				CLANG_WARN_RANGE_LOOP_ANALYSIS = YES;
				CLANG_WARN_STRICT_PROTOTYPES = YES;
				CLANG_WARN_SUSPICIOUS_MOVE = YES;
				CLANG_WARN_UNGUARDED_AVAILABILITY = YES_AGGRESSIVE;
				CLANG_WARN_UNREACHABLE_CODE = YES;
				CLANG_WARN__DUPLICATE_METHOD_MATCH = YES;
				COPY_PHASE_STRIP = NO;
				DEBUG_INFORMATION_FORMAT = dwarf;
				ENABLE_STRICT_OBJC_MSGSEND = YES;
				ENABLE_TESTABILITY = YES;
				GCC_C_LANGUAGE_STANDARD = gnu11;
				GCC_DYNAMIC_NO_PIC = NO;
				GCC_NO_COMMON_BLOCKS = YES;
				GCC_OPTIMIZATION_LEVEL = 0;
				GCC_PREPROCESSOR_DEFINITIONS = (
					"DEBUG=1",
					"$(inherited)",
				);
				GCC_WARN_64_TO_32_BIT_CONVERSION = YES;
				GCC_WARN_ABOUT_RETURN_TYPE = YES_ERROR;
				GCC_WARN_UNDECLARED_SELECTOR = YES;
				GCC_WARN_UNINITIALIZED_AUTOS = YES_AGGRESSIVE;
				GCC_WARN_UNUSED_FUNCTION = YES;
				GCC_WARN_UNUSED_VARIABLE = YES;
				IPHONEOS_DEPLOYMENT_TARGET = 16.4;
				MTL_ENABLE_DEBUG_INFO = INCLUDE_SOURCE;
				MTL_FAST_MATH = YES;
				ONLY_ACTIVE_ARCH = YES;
				SDKROOT = iphoneos;
				SWIFT_ACTIVE_COMPILATION_CONDITIONS = DEBUG;
				SWIFT_OPTIMIZATION_LEVEL = "-Onone";
			};
			name = Debug;
		};
		A9544B212A4E4A900022067A /* Release */ = {
			isa = XCBuildConfiguration;
			buildSettings = {
				ALWAYS_SEARCH_USER_PATHS = NO;
				CLANG_ANALYZER_NONNULL = YES;
				CLANG_ANALYZER_NUMBER_OBJECT_CONVERSION = YES_AGGRESSIVE;
				CLANG_CXX_LANGUAGE_STANDARD = "gnu++20";
				CLANG_ENABLE_MODULES = YES;
				CLANG_ENABLE_OBJC_ARC = YES;
				CLANG_ENABLE_OBJC_WEAK = YES;
				CLANG_WARN_BLOCK_CAPTURE_AUTORELEASING = YES;
				CLANG_WARN_BOOL_CONVERSION = YES;
				CLANG_WARN_COMMA = YES;
				CLANG_WARN_CONSTANT_CONVERSION = YES;
				CLANG_WARN_DEPRECATED_OBJC_IMPLEMENTATIONS = YES;
				CLANG_WARN_DIRECT_OBJC_ISA_USAGE = YES_ERROR;
				CLANG_WARN_DOCUMENTATION_COMMENTS = YES;
				CLANG_WARN_EMPTY_BODY = YES;
				CLANG_WARN_ENUM_CONVERSION = YES;
				CLANG_WARN_INFINITE_RECURSION = YES;
				CLANG_WARN_INT_CONVERSION = YES;
				CLANG_WARN_NON_LITERAL_NULL_CONVERSION = YES;
				CLANG_WARN_OBJC_IMPLICIT_RETAIN_SELF = YES;
				CLANG_WARN_OBJC_LITERAL_CONVERSION = YES;
				CLANG_WARN_OBJC_ROOT_CLASS = YES_ERROR;
				CLANG_WARN_QUOTED_INCLUDE_IN_FRAMEWORK_HEADER = YES;
				CLANG_WARN_RANGE_LOOP_ANALYSIS = YES;
				CLANG_WARN_STRICT_PROTOTYPES = YES;
				CLANG_WARN_SUSPICIOUS_MOVE = YES;
				CLANG_WARN_UNGUARDED_AVAILABILITY = YES_AGGRESSIVE;
				CLANG_WARN_UNREACHABLE_CODE = YES;
				CLANG_WARN__DUPLICATE_METHOD_MATCH = YES;
				COPY_PHASE_STRIP = NO;
				DEBUG_INFORMATION_FORMAT = "dwarf-with-dsym";
				ENABLE_NS_ASSERTIONS = NO;
				ENABLE_STRICT_OBJC_MSGSEND = YES;
				GCC_C_LANGUAGE_STANDARD = gnu11;
				GCC_NO_COMMON_BLOCKS = YES;
				GCC_WARN_64_TO_32_BIT_CONVERSION = YES;
				GCC_WARN_ABOUT_RETURN_TYPE = YES_ERROR;
				GCC_WARN_UNDECLARED_SELECTOR = YES;
				GCC_WARN_UNINITIALIZED_AUTOS = YES_AGGRESSIVE;
				GCC_WARN_UNUSED_FUNCTION = YES;
				GCC_WARN_UNUSED_VARIABLE = YES;
				IPHONEOS_DEPLOYMENT_TARGET = 16.4;
				MTL_ENABLE_DEBUG_INFO = NO;
				MTL_FAST_MATH = YES;
				SDKROOT = iphoneos;
				SWIFT_COMPILATION_MODE = wholemodule;
				SWIFT_OPTIMIZATION_LEVEL = "-O";
				VALIDATE_PRODUCT = YES;
			};
			name = Release;
		};
		A9544B232A4E4A900022067A /* Debug */ = {
			isa = XCBuildConfiguration;
			buildSettings = {
				ASSETCATALOG_COMPILER_APPICON_NAME = AppIcon;
				ASSETCATALOG_COMPILER_GLOBAL_ACCENT_COLOR_NAME = AccentColor;
				CODE_SIGN_STYLE = Automatic;
				CURRENT_PROJECT_VERSION = 1;
				GENERATE_INFOPLIST_FILE = YES;
				INFOPLIST_FILE = NetflixClone/Info.plist;
				INFOPLIST_KEY_UIApplicationSupportsIndirectInputEvents = YES;
				INFOPLIST_KEY_UILaunchStoryboardName = LaunchScreen;
				INFOPLIST_KEY_UIMainStoryboardFile = "";
				INFOPLIST_KEY_UISupportedInterfaceOrientations_iPad = "UIInterfaceOrientationPortrait UIInterfaceOrientationPortraitUpsideDown UIInterfaceOrientationLandscapeLeft UIInterfaceOrientationLandscapeRight";
				INFOPLIST_KEY_UISupportedInterfaceOrientations_iPhone = "UIInterfaceOrientationPortrait UIInterfaceOrientationLandscapeLeft UIInterfaceOrientationLandscapeRight";
				LD_RUNPATH_SEARCH_PATHS = (
					"$(inherited)",
					"@executable_path/Frameworks",
				);
				MARKETING_VERSION = 1.0;
				PRODUCT_BUNDLE_IDENTIFIER = com.AlejandroRobles.NetflixClone;
				PRODUCT_NAME = "$(TARGET_NAME)";
				SWIFT_EMIT_LOC_STRINGS = YES;
				SWIFT_VERSION = 5.0;
				TARGETED_DEVICE_FAMILY = "1,2";
			};
			name = Debug;
		};
		A9544B242A4E4A900022067A /* Release */ = {
			isa = XCBuildConfiguration;
			buildSettings = {
				ASSETCATALOG_COMPILER_APPICON_NAME = AppIcon;
				ASSETCATALOG_COMPILER_GLOBAL_ACCENT_COLOR_NAME = AccentColor;
				CODE_SIGN_STYLE = Automatic;
				CURRENT_PROJECT_VERSION = 1;
				GENERATE_INFOPLIST_FILE = YES;
				INFOPLIST_FILE = NetflixClone/Info.plist;
				INFOPLIST_KEY_UIApplicationSupportsIndirectInputEvents = YES;
				INFOPLIST_KEY_UILaunchStoryboardName = LaunchScreen;
				INFOPLIST_KEY_UIMainStoryboardFile = "";
				INFOPLIST_KEY_UISupportedInterfaceOrientations_iPad = "UIInterfaceOrientationPortrait UIInterfaceOrientationPortraitUpsideDown UIInterfaceOrientationLandscapeLeft UIInterfaceOrientationLandscapeRight";
				INFOPLIST_KEY_UISupportedInterfaceOrientations_iPhone = "UIInterfaceOrientationPortrait UIInterfaceOrientationLandscapeLeft UIInterfaceOrientationLandscapeRight";
				LD_RUNPATH_SEARCH_PATHS = (
					"$(inherited)",
					"@executable_path/Frameworks",
				);
				MARKETING_VERSION = 1.0;
				PRODUCT_BUNDLE_IDENTIFIER = com.AlejandroRobles.NetflixClone;
				PRODUCT_NAME = "$(TARGET_NAME)";
				SWIFT_EMIT_LOC_STRINGS = YES;
				SWIFT_VERSION = 5.0;
				TARGETED_DEVICE_FAMILY = "1,2";
			};
			name = Release;
		};
/* End XCBuildConfiguration section */

/* Begin XCConfigurationList section */
		A9544B092A4E4A8F0022067A /* Build configuration list for PBXProject "NetflixClone" */ = {
			isa = XCConfigurationList;
			buildConfigurations = (
				A9544B202A4E4A900022067A /* Debug */,
				A9544B212A4E4A900022067A /* Release */,
			);
			defaultConfigurationIsVisible = 0;
			defaultConfigurationName = Release;
		};
		A9544B222A4E4A900022067A /* Build configuration list for PBXNativeTarget "NetflixClone" */ = {
			isa = XCConfigurationList;
			buildConfigurations = (
				A9544B232A4E4A900022067A /* Debug */,
				A9544B242A4E4A900022067A /* Release */,
			);
			defaultConfigurationIsVisible = 0;
			defaultConfigurationName = Release;
		};
/* End XCConfigurationList section */
	};
	rootObject = A9544B062A4E4A8F0022067A /* Project object */;
}
